{
  "name": "@sciner/effekseer",
  "version": "1.0.0",
  "lockfileVersion": 3,
  "requires": true,
  "packages": {
    "": {
      "name": "@sciner/effekseer",
      "version": "1.0.0",
      "devDependencies": {
        "@sciner/pixi": "0.3.14",
        "typescript": "^5.4.3"
      },
      "peerDependencies": {
        "@sciner/pixi": "0.3.x"
      }
    },
    "node_modules/@sciner/pixi": {
      "version": "0.3.14",
      "resolved": "https://npm.pkg.github.com/download/@sciner/pixi/0.3.14/2fdee1644a4adcbdbe5bee1d232f15e6b309015a",
      "integrity": "sha512-aa8Pa+/d/75MwGDqC9JxzDStHFvOfet5bHM0WjApk9aonkV698urAIAq8i4bisYZtmw4NwriUP3NC4jCWdxgPg==",
      "dev": true
    },
    "node_modules/typescript": {
      "version": "5.5.4",
      "resolved": "https://registry.npmjs.org/typescript/-/typescript-5.5.4.tgz",
      "integrity": "sha512-Mtq29sKDAEYP7aljRgtPOpTvOfbwRWlS6dPRzwjdE+C0R4brX/GUyhHSecbHMFLNBLcJIPt9nl9yG5TZ1weH+Q==",
      "dev": true,
      "bin": {
        "tsc": "bin/tsc",
        "tsserver": "bin/tsserver"
      },
      "engines": {
        "node": ">=14.17"
      }
    }
  }
}
